
Microsoft Visual Studio Solution File, Format Version 12.00
# Visual Studio Version 16
VisualStudioVersion = 16.0.30804.86
MinimumVisualStudioVersion = 10.0.40219.1
Project("{FAE04EC0-301F-11D3-BF4B-00C04F79EFBC}") = "LV6_1", "LV6_1\LV6_1.csproj", "{8BA2F910-7726-4FE5-A149-772F3FC484B8}"
EndProject
Project("{FAE04EC0-301F-11D3-BF4B-00C04F79EFBC}") = "LV6_2", "LV6_2\LV6_2.csproj", "{B2FF1DAD-12FC-4803-A66B-CC55A6BEFDC7}"
EndProject
Project("{FAE04EC0-301F-11D3-BF4B-00C04F79EFBC}") = "LV6_3", "LV6_3\LV6_3.csproj", "{5F2C0375-0EB7-4244-9428-249CE73CA5D5}"
EndProject
Global
	GlobalSection(SolutionConfigurationPlatforms) = preSolution
		Debug|Any CPU = Debug|Any CPU
		Release|Any CPU = Release|Any CPU
	EndGlobalSection
	GlobalSection(ProjectConfigurationPlatforms) = postSolution
		{8BA2F910-7726-4FE5-A149-772F3FC484B8}.Debug|Any CPU.ActiveCfg = Debug|Any CPU
		{8BA2F910-7726-4FE5-A149-772F3FC484B8}.Debug|Any CPU.Build.0 = Debug|Any CPU
		{8BA2F910-7726-4FE5-A149-772F3FC484B8}.Release|Any CPU.ActiveCfg = Release|Any CPU
		{8BA2F910-7726-4FE5-A149-772F3FC484B8}.Release|Any CPU.Build.0 = Release|Any CPU
		{B2FF1DAD-12FC-4803-A66B-CC55A6BEFDC7}.Debug|Any CPU.ActiveCfg = Debug|Any CPU
		{B2FF1DAD-12FC-4803-A66B-CC55A6BEFDC7}.Debug|Any CPU.Build.0 = Debug|Any CPU
		{B2FF1DAD-12FC-4803-A66B-CC55A6BEFDC7}.Release|Any CPU.ActiveCfg = Release|Any CPU
		{B2FF1DAD-12FC-4803-A66B-CC55A6BEFDC7}.Release|Any CPU.Build.0 = Release|Any CPU
		{5F2C0375-0EB7-4244-9428-249CE73CA5D5}.Debug|Any CPU.ActiveCfg = Debug|Any CPU
		{5F2C0375-0EB7-4244-9428-249CE73CA5D5}.Debug|Any CPU.Build.0 = Debug|Any CPU
		{5F2C0375-0EB7-4244-9428-249CE73CA5D5}.Release|Any CPU.ActiveCfg = Release|Any CPU
		{5F2C0375-0EB7-4244-9428-249CE73CA5D5}.Release|Any CPU.Build.0 = Release|Any CPU
	EndGlobalSection
	GlobalSection(SolutionProperties) = preSolution
		HideSolutionNode = FALSE
	EndGlobalSection
	GlobalSection(ExtensibilityGlobals) = postSolution
		SolutionGuid = {164663AF-4398-47C6-9326-8C55540585CF}
	EndGlobalSection
EndGlobal
